#
# This file is autogenerated by pip-compile with Python 3.12
# by the following command:
#
#    pip-compile --generate-hashes --output-file=requirements.lock requirements.txt
#
aiofiles==25.1.0 \
    --hash=sha256:a8d728f0a29de45dc521f18f07297428d56992a742f0cd2701ba86e44d23d5b2 \
    --hash=sha256:abe311e527c862958650f9438e859c1fa7568a141b22abcd015e120e86a85695
    # via -r requirements.txt
aiohappyeyeballs==2.6.1 \
    --hash=sha256:c3f9d0113123803ccadfdf3f0faa505bc78e6a72d1cc4806cbd719826e943558 \
    --hash=sha256:f349ba8f4b75cb25c99c5c2d84e997e485204d2902a9597802b0371f09331fb8
    # via aiohttp
aiohttp==3.13.2 \
    --hash=sha256:04c3971421576ed24c191f610052bcb2f059e395bc2489dd99e397f9bc466329 \
    --hash=sha256:05c4dd3c48fb5f15db31f57eb35374cb0c09afdde532e7fb70a75aede0ed30f6 \
    --hash=sha256:070599407f4954021509193404c4ac53153525a19531051661440644728ba9a7 \
    --hash=sha256:0740f31a60848d6edb296a0df827473eede90c689b8f9f2a4cdde74889eb2254 \
    --hash=sha256:088912a78b4d4f547a1f19c099d5a506df17eacec3c6f4375e2831ec1d995742 \
    --hash=sha256:0a3d54e822688b56e9f6b5816fb3de3a3a64660efac64e4c2dc435230ad23bad \
    --hash=sha256:0db1e24b852f5f664cd728db140cf11ea0e82450471232a394b3d1a540b0f906 \
    --hash=sha256:0e87dff73f46e969af38ab3f7cb75316a7c944e2e574ff7c933bc01b10def7f5 \
    --hash=sha256:1237c1375eaef0db4dcd7c2559f42e8af7b87ea7d295b118c60c36a6e61cb811 \
    --hash=sha256:16f15a4eac3bc2d76c45f7ebdd48a65d41b242eb6c31c2245463b40b34584ded \
    --hash=sha256:1f9b2c2d4b9d958b1f9ae0c984ec1dd6b6689e15c75045be8ccb4011426268ca \
    --hash=sha256:204ffff2426c25dfda401ba08da85f9c59525cdc42bda26660463dd1cbcfec6f \
    --hash=sha256:20b10bbfbff766294fe99987f7bb3b74fdd2f1a2905f2562132641ad434dcf98 \
    --hash=sha256:20db2d67985d71ca033443a1ba2001c4b5693fe09b0e29f6d9358a99d4d62a8a \
    --hash=sha256:228a1cd556b3caca590e9511a89444925da87d35219a49ab5da0c36d2d943a6a \
    --hash=sha256:2372b15a5f62ed37789a6b383ff7344fc5b9f243999b0cd9b629d8bc5f5b4155 \
    --hash=sha256:23ad365e30108c422d0b4428cf271156dd56790f6dd50d770b8e360e6c5ab2e6 \
    --hash=sha256:23fb0783bc1a33640036465019d3bba069942616a6a2353c6907d7fe1ccdaf4e \
    --hash=sha256:2475391c29230e063ef53a66669b7b691c9bfc3f1426a0f7bcdf1216bdbac38b \
    --hash=sha256:27e569eb9d9e95dbd55c0fc3ec3a9335defbf1d8bc1d20171a49f3c4c607b93e \
    --hash=sha256:29562998ec66f988d49fb83c9b01694fa927186b781463f376c5845c121e4e0b \
    --hash=sha256:2adebd4577724dcae085665f294cc57c8701ddd4d26140504db622b8d566d7aa \
    --hash=sha256:2ca6ffef405fc9c09a746cb5d019c1672cd7f402542e379afc66b370833170cf \
    --hash=sha256:2e1a9bea6244a1d05a4e57c295d69e159a5c50d8ef16aa390948ee873478d9a5 \
    --hash=sha256:364e25edaabd3d37b1db1f0cbcee8c73c9a3727bfa262b83e5e4cf3489a2a9dc \
    --hash=sha256:364f55663085d658b8462a1c3f17b2b84a5c2e1ba858e1b79bff7b2e24ad1514 \
    --hash=sha256:39d02cb6025fe1aabca329c5632f48c9532a3dabccd859e7e2f110668972331f \
    --hash=sha256:3a92cf4b9bea33e15ecbaa5c59921be0f23222608143d025c989924f7e3e0c07 \
    --hash=sha256:40176a52c186aefef6eb3cad2cdd30cd06e3afbe88fe8ab2af9c0b90f228daca \
    --hash=sha256:4356474ad6333e41ccefd39eae869ba15a6c5299c9c01dfdcfdd5c107be4363e \
    --hash=sha256:43dff14e35aba17e3d6d5ba628858fb8cb51e30f44724a2d2f0c75be492c55e9 \
    --hash=sha256:4647d02df098f6434bafd7f32ad14942f05a9caa06c7016fdcc816f343997dd0 \
    --hash=sha256:47f438b1a28e926c37632bff3c44df7d27c9b57aaf4e34b1def3c07111fdb782 \
    --hash=sha256:4dd3db9d0f4ebca1d887d76f7cdbcd1116ac0d05a9221b9dad82c64a62578c4d \
    --hash=sha256:4ebf9cfc9ba24a74cf0718f04aac2a3bbe745902cc7c5ebc55c0f3b5777ef213 \
    --hash=sha256:5276807b9de9092af38ed23ce120539ab0ac955547b38563a9ba4f5b07b95293 \
    --hash=sha256:53b07472f235eb80e826ad038c9d106c2f653584753f3ddab907c83f49eedead \
    --hash=sha256:550bf765101ae721ee1d37d8095f47b1f220650f85fe1af37a90ce75bab89d04 \
    --hash=sha256:56d36e80d2003fa3fc0207fac644216d8532e9504a785ef9a8fd013f84a42c61 \
    --hash=sha256:585542825c4bc662221fb257889e011a5aa00f1ae4d75d1d246a5225289183e3 \
    --hash=sha256:5b927cf9b935a13e33644cbed6c8c4b2d0f25b713d838743f8fe7191b33829c4 \
    --hash=sha256:5d7f02042c1f009ffb70067326ef183a047425bb2ff3bc434ead4dd4a4a66a2b \
    --hash=sha256:6315fb6977f1d0dd41a107c527fee2ed5ab0550b7d885bc15fee20ccb17891da \
    --hash=sha256:66bac29b95a00db411cd758fea0e4b9bdba6d549dfe333f9a945430f5f2cc5a6 \
    --hash=sha256:6c00dbcf5f0d88796151e264a8eab23de2997c9303dd7c0bf622e23b24d3ce22 \
    --hash=sha256:6e7352512f763f760baaed2637055c49134fd1d35b37c2dedfac35bfe5cf8725 \
    --hash=sha256:7519bdc7dfc1940d201651b52bf5e03f5503bda45ad6eacf64dda98be5b2b6be \
    --hash=sha256:78cd586d8331fb8e241c2dd6b2f4061778cc69e150514b39a9e28dd050475661 \
    --hash=sha256:7a653d872afe9f33497215745da7a943d1dc15b728a9c8da1c3ac423af35178e \
    --hash=sha256:7c3a50345635a02db61792c85bb86daffac05330f6473d524f1a4e3ef9d0046d \
    --hash=sha256:7fbdf5ad6084f1940ce88933de34b62358d0f4a0b6ec097362dcd3e5a65a4989 \
    --hash=sha256:7fd19df530c292542636c2a9a85854fab93474396a52f1695e799186bbd7f24c \
    --hash=sha256:868e195e39b24aaa930b063c08bb0c17924899c16c672a28a65afded9c46c6ec \
    --hash=sha256:8709a0f05d59a71f33fd05c17fc11fcb8c30140506e13c2f5e8ee1b8964e1b45 \
    --hash=sha256:88d6c017966a78c5265d996c19cdb79235be5e6412268d7e2ce7dee339471b7a \
    --hash=sha256:8aa7c807df234f693fed0ecd507192fc97692e61fee5702cdc11155d2e5cadc8 \
    --hash=sha256:8b2f1414f6a1e0683f212ec80e813f4abef94c739fd090b66c9adf9d2a05feac \
    --hash=sha256:93655083005d71cd6c072cdab54c886e6570ad2c4592139c3fb967bfc19e4694 \
    --hash=sha256:939ced4a7add92296b0ad38892ce62b98c619288a081170695c6babe4f50e636 \
    --hash=sha256:9434bc0d80076138ea986833156c5a48c9c7a8abb0c96039ddbb4afc93184169 \
    --hash=sha256:94f05348c4406450f9d73d38efb41d669ad6cd90c7ee194810d0eefbfa875a7a \
    --hash=sha256:960c2fc686ba27b535f9fd2b52d87ecd7e4fd1cf877f6a5cba8afb5b4a8bd204 \
    --hash=sha256:96581619c57419c3d7d78703d5b78c1e5e5fc0172d60f555bdebaced82ded19a \
    --hash=sha256:97a0895a8e840ab3520e2288db7cace3a1981300d48babeb50e7425609e2e0ab \
    --hash=sha256:98c4fb90bb82b70a4ed79ca35f656f4281885be076f3f970ce315402b53099ae \
    --hash=sha256:99c5280a329d5fa18ef30fd10c793a190d996567667908bef8a7f81f8202b948 \
    --hash=sha256:9acda8604a57bb60544e4646a4615c1866ee6c04a8edef9b8ee6fd1d8fa2ddc8 \
    --hash=sha256:9c705601e16c03466cb72011bd1af55d68fa65b045356d8f96c216e5f6db0fa5 \
    --hash=sha256:9e8f8afb552297aca127c90cb840e9a1d4bfd6a10d7d8f2d9176e1acc69bad30 \
    --hash=sha256:9eb3e33fdbe43f88c3c75fa608c25e7c47bbd80f48d012763cb67c47f39a7e16 \
    --hash=sha256:9ec49dff7e2b3c85cdeaa412e9d438f0ecd71676fde61ec57027dd392f00c693 \
    --hash=sha256:9f377d0a924e5cc94dc620bc6366fc3e889586a7f18b748901cf016c916e2084 \
    --hash=sha256:a09a6d073fb5789456545bdee2474d14395792faa0527887f2f4ec1a486a59d3 \
    --hash=sha256:a2713a95b47374169409d18103366de1050fe0ea73db358fc7a7acb2880422d4 \
    --hash=sha256:a3b6fb0c207cc661fa0bf8c66d8d9b657331ccc814f4719468af61034b478592 \
    --hash=sha256:a4b88ebe35ce54205c7074f7302bd08a4cb83256a3e0870c72d6f68a3aaf8e49 \
    --hash=sha256:a88d13e7ca367394908f8a276b89d04a3652044612b9a408a0bb22a5ed976a1a \
    --hash=sha256:ac6cde5fba8d7d8c6ac963dbb0256a9854e9fafff52fbcc58fdf819357892c3e \
    --hash=sha256:ae32f24bbfb7dbb485a24b30b1149e2f200be94777232aeadba3eecece4d0aa4 \
    --hash=sha256:b009194665bcd128e23eaddef362e745601afa4641930848af4c8559e88f18f9 \
    --hash=sha256:b1e56bab2e12b2b9ed300218c351ee2a3d8c8fdab5b1ec6193e11a817767e47b \
    --hash=sha256:b395bbca716c38bef3c764f187860e88c724b342c26275bc03e906142fc5964f \
    --hash=sha256:b59d13c443f8e049d9e94099c7e412e34610f1f49be0f230ec656a10692a5802 \
    --hash=sha256:ba2715d842ffa787be87cbfce150d5e88c87a98e0b62e0f5aa489169a393dbbb \
    --hash=sha256:bb7fb776645af5cc58ab804c58d7eba545a97e047254a52ce89c157b5af6cd0b \
    --hash=sha256:c038a8fdc8103cd51dbd986ecdce141473ffd9775a7a8057a6ed9c3653478011 \
    --hash=sha256:c20423ce14771d98353d2e25e83591fa75dfa90a3c1848f3d7c68243b4fbded3 \
    --hash=sha256:c5c94825f744694c4b8db20b71dba9a257cd2ba8e010a803042123f3a25d50d7 \
    --hash=sha256:cf00e5db968c3f67eccd2778574cf64d8b27d95b237770aa32400bd7a1ca4f6c \
    --hash=sha256:d23b5fe492b0805a50d3371e8a728a9134d8de5447dce4c885f5587294750734 \
    --hash=sha256:d7bc4b7f9c4921eba72677cd9fedd2308f4a4ca3e12fab58935295ad9ea98700 \
    --hash=sha256:d8a9b889aeabd7a4e9af0b7f4ab5ad94d42e7ff679aaec6d0db21e3b639ad58d \
    --hash=sha256:dacd50501cd017f8cccb328da0c90823511d70d24a323196826d923aad865901 \
    --hash=sha256:e036a3a645fe92309ec34b918394bb377950cbb43039a97edae6c08db64b23e2 \
    --hash=sha256:e09a0a06348a2dd73e7213353c90d709502d9786219f69b731f6caa0efeb46f5 \
    --hash=sha256:e0c8e31cfcc4592cb200160344b2fb6ae0f9e4effe06c644b5a125d4ae5ebe23 \
    --hash=sha256:e1b4951125ec10c70802f2cb09736c895861cd39fd9dcb35107b4dc8ae6220b8 \
    --hash=sha256:e2a9ea08e8c58bb17655630198833109227dea914cd20be660f52215f6de5613 \
    --hash=sha256:e3403f24bcb9c3b29113611c3c16a2a447c3953ecf86b79775e7be06f7ae7ccb \
    --hash=sha256:e574a7d61cf10351d734bcddabbe15ede0eaa8a02070d85446875dc11189a251 \
    --hash=sha256:e67446b19e014d37342f7195f592a2a948141d15a312fe0e700c2fd2f03124f6 \
    --hash=sha256:e736c93e9c274fce6419af4aac199984d866e55f8a4cec9114671d0ea9688780 \
    --hash=sha256:e7c952aefdf2460f4ae55c5e9c3e80aa72f706a6317e06020f80e96253b1accd \
    --hash=sha256:e7f8659a48995edee7229522984bd1009c1213929c769c2daa80b40fe49a180c \
    --hash=sha256:e96eb1a34396e9430c19d8338d2ec33015e4a87ef2b4449db94c22412e25ccdf \
    --hash=sha256:ec7534e63ae0f3759df3a1ed4fa6bc8f75082a924b590619c0dd2f76d7043caa \
    --hash=sha256:ed2f9c7216e53c3df02264f25d824b079cc5914f9e2deba94155190ef648ee40 \
    --hash=sha256:eeacf451c99b4525f700f078becff32c32ec327b10dcf31306a8a52d78166de7 \
    --hash=sha256:f10d9c0b0188fe85398c61147bbd2a657d616c876863bfeff43376e0e3134673 \
    --hash=sha256:f2bef8237544f4e42878c61cef4e2839fee6346dc60f5739f876a9c50be7fcdb \
    --hash=sha256:f33c8748abef4d8717bb20e8fb1b3e07c6adacb7fd6beaae971a764cf5f30d61 \
    --hash=sha256:f7c183e786e299b5d6c49fb43a769f8eb8e04a2726a2bd5887b98b5cc2d67940 \
    --hash=sha256:fa4dcb605c6f82a80c7f95713c2b11c3b8e9893b3ebd2bc9bde93165ed6107be \
    --hash=sha256:fa89cb11bc71a63b69568d5b8a25c3ca25b6d54c15f907ca1c130d72f320b76b \
    --hash=sha256:fe242cd381e0fb65758faf5ad96c2e460df6ee5b2de1072fe97e4127927e00b4 \
    --hash=sha256:fe91b87fc295973096251e2d25a811388e7d8adf3bd2b97ef6ae78bc4ac6c476 \
    --hash=sha256:fed38a5edb7945f4d1bcabe2fcd05db4f6ec7e0e82560088b754f7e08d93772d \
    --hash=sha256:ff0a7b0a82a7ab905cbda74006318d1b12e37c797eb1b0d4eb3e316cf47f658f \
    --hash=sha256:ff15c147b2ad66da1f2cbb0622313f2242d8e6e8f9b79b5206c84523a4473248 \
    --hash=sha256:ff5e771f5dcbc81c64898c597a434f7682f2259e0cd666932a913d53d1341d1a
    # via
    #   -r requirements.txt
    #   edge-tts
aiosignal==1.4.0 \
    --hash=sha256:053243f8b92b990551949e63930a839ff0cf0b0ebbe0597b0f3fb19e1a0fe82e \
    --hash=sha256:f47eecd9468083c2029cc99945502cb7708b082c232f9aca65da147157b251c7
    # via aiohttp
annotated-doc==0.0.4 \
    --hash=sha256:571ac1dc6991c450b25a9c2d84a3705e2ae7a53467b5d111c24fa8baabbed320 \
    --hash=sha256:fbcda96e87e9c92ad167c2e53839e57503ecfda18804ea28102353485033faa4
    # via fastapi
annotated-types==0.7.0 \
    --hash=sha256:1f02e8b43a8fbbc3f3e0d4f0f4bfc8131bcb4eebe8849b8e5c773f3a1c582a53 \
    --hash=sha256:aff07c09a53a08bc8cfccb9c85b05f1aa9a2a6f23728d790723543408344ce89
    # via pydantic
anthropic==0.75.0 \
    --hash=sha256:e8607422f4ab616db2ea5baacc215dd5f028da99ce2f022e33c7c535b29f3dfb \
    --hash=sha256:ea8317271b6c15d80225a9f3c670152746e88805a7a61e14d4a374577164965b
    # via -r requirements.txt
anyio==4.12.0 \
    --hash=sha256:73c693b567b0c55130c104d0b43a9baf3aa6a31fc6110116509f27bf75e21ec0 \
    --hash=sha256:dad2376a628f98eeca4881fc56cd06affd18f659b17a747d3ff0307ced94b1bb
    # via
    #   anthropic
    #   httpx
    #   starlette
    #   watchfiles
attrs==25.4.0 \
    --hash=sha256:16d5969b87f0859ef33a48b35d55ac1be6e42ae49d5e853b597db70c35c57e11 \
    --hash=sha256:adcf7e2a1fb3b36ac48d97835bb6d8ade15b8dcce26aba8bf1d14847b57a3373
    # via aiohttp
blessed==1.25.0 \
    --hash=sha256:606aebfea69f85915c7ca6a96eb028e0031d30feccc5688e13fd5cec8277b28d \
    --hash=sha256:e52b9f778b9e10c30b3f17f6b5f5d2208d1e9b53b270f1d94fc61a243fc4708f
    # via inquirer
cachecontrol==0.14.4 \
    --hash=sha256:b7ac014ff72ee199b5f8af1de29d60239954f223e948196fa3d84adaffc71d2b \
    --hash=sha256:e6220afafa4c22a47dd0badb319f84475d79108100d04e26e8542ef7d3ab05a1
    # via firebase-admin
cachetools==6.2.4 \
    --hash=sha256:69a7a52634fed8b8bf6e24a050fb60bff1c9bd8f6d24572b99c32d4e71e62a51 \
    --hash=sha256:82c5c05585e70b6ba2d3ae09ea60b79548872185d2f24ae1f2709d37299fd607
    # via google-auth
